
Microsoft Visual Studio Solution File, Format Version 12.00
# Visual Studio Version 17
VisualStudioVersion = 17.2.32616.157
MinimumVisualStudioVersion = 10.0.40219.1
Project("{FAE04EC0-301F-11D3-BF4B-00C04F79EFBC}") = "ConceptosPOO", "ConceptosPOO\ConceptosPOO.csproj", "{AC6E78F3-7977-4362-A155-3DF0829D1F86}"
EndProject
Global
	GlobalSection(SolutionConfigurationPlatforms) = preSolution
		Debug|Any CPU = Debug|Any CPU
		Release|Any CPU = Release|Any CPU
	EndGlobalSection
	GlobalSection(ProjectConfigurationPlatforms) = postSolution
		{AC6E78F3-7977-4362-A155-3DF0829D1F86}.Debug|Any CPU.ActiveCfg = Debug|Any CPU
		{AC6E78F3-7977-4362-A155-3DF0829D1F86}.Debug|Any CPU.Build.0 = Debug|Any CPU
		{AC6E78F3-7977-4362-A155-3DF0829D1F86}.Release|Any CPU.ActiveCfg = Release|Any CPU
		{AC6E78F3-7977-4362-A155-3DF0829D1F86}.Release|Any CPU.Build.0 = Release|Any CPU
	EndGlobalSection
	GlobalSection(SolutionProperties) = preSolution
		HideSolutionNode = FALSE
	EndGlobalSection
	GlobalSection(ExtensibilityGlobals) = postSolution
		SolutionGuid = {18406725-E8C5-43E2-93E1-88D96A1C295E}
	EndGlobalSection
EndGlobal
